{
<<<<<<< HEAD
  "name": "Tapete",
=======
  "name": "TapeteIoT",
>>>>>>> cea0e301395bdee96f52460ca061b94621ab070f
  "lockfileVersion": 3,
  "requires": true,
  "packages": {
    "": {
      "dependencies": {
<<<<<<< HEAD
        "sweetalert": "^2.1.2"
=======
        "sweetalert": "^2.1.2",
        "sweetalert2": "^11.14.1"
>>>>>>> cea0e301395bdee96f52460ca061b94621ab070f
      }
    },
    "node_modules/es6-object-assign": {
      "version": "1.1.0",
      "resolved": "https://registry.npmjs.org/es6-object-assign/-/es6-object-assign-1.1.0.tgz",
<<<<<<< HEAD
      "integrity": "sha512-MEl9uirslVwqQU369iHNWZXsI8yaZYGg/D65aOgZkeyFJwHYSxilf7rQzXKI7DdDuBPrBXbfk3sl9hJhmd5AUw=="
=======
      "integrity": "sha512-MEl9uirslVwqQU369iHNWZXsI8yaZYGg/D65aOgZkeyFJwHYSxilf7rQzXKI7DdDuBPrBXbfk3sl9hJhmd5AUw==",
      "license": "MIT"
>>>>>>> cea0e301395bdee96f52460ca061b94621ab070f
    },
    "node_modules/promise-polyfill": {
      "version": "6.1.0",
      "resolved": "https://registry.npmjs.org/promise-polyfill/-/promise-polyfill-6.1.0.tgz",
<<<<<<< HEAD
      "integrity": "sha512-g0LWaH0gFsxovsU7R5LrrhHhWAWiHRnh1GPrhXnPgYsDkIqjRYUYSZEsej/wtleDrz5xVSIDbeKfidztp2XHFQ=="
=======
      "integrity": "sha512-g0LWaH0gFsxovsU7R5LrrhHhWAWiHRnh1GPrhXnPgYsDkIqjRYUYSZEsej/wtleDrz5xVSIDbeKfidztp2XHFQ==",
      "license": "MIT"
>>>>>>> cea0e301395bdee96f52460ca061b94621ab070f
    },
    "node_modules/sweetalert": {
      "version": "2.1.2",
      "resolved": "https://registry.npmjs.org/sweetalert/-/sweetalert-2.1.2.tgz",
      "integrity": "sha512-iWx7X4anRBNDa/a+AdTmvAzQtkN1+s4j/JJRWlHpYE8Qimkohs8/XnFcWeYHH2lMA8LRCa5tj2d244If3S/hzA==",
<<<<<<< HEAD
=======
      "license": "MIT",
>>>>>>> cea0e301395bdee96f52460ca061b94621ab070f
      "dependencies": {
        "es6-object-assign": "^1.1.0",
        "promise-polyfill": "^6.0.2"
      }
<<<<<<< HEAD
=======
    },
    "node_modules/sweetalert2": {
      "version": "11.14.1",
      "resolved": "https://registry.npmjs.org/sweetalert2/-/sweetalert2-11.14.1.tgz",
      "integrity": "sha512-xadhfcA4STGMh8nC5zHFFWURhRpWc4zyI3GdMDFH/m3hGWZeQQNWhX9xcG4lI9gZYsi/IlazKbwvvje3juL3Xg==",
      "license": "MIT",
      "funding": {
        "type": "individual",
        "url": "https://github.com/sponsors/limonte"
      }
>>>>>>> cea0e301395bdee96f52460ca061b94621ab070f
    }
  }
}
